
Microsoft Visual Studio Solution File, Format Version 12.00
# Visual Studio Version 16
VisualStudioVersion = 16.0.31321.278
MinimumVisualStudioVersion = 10.0.40219.1
Project("{FAE04EC0-301F-11D3-BF4B-00C04F79EFBC}") = "UnitTestingDemo", "UnitTestingDemo.csproj", "{F2EEBB13-ADBE-49AC-B21A-21A3FFC95073}"
EndProject
Project("{FAE04EC0-301F-11D3-BF4B-00C04F79EFBC}") = "UnitTestingDemo.Tests", "..\UnitTestingDemo.Tests\UnitTestingDemo.Tests.csproj", "{6F2BFFC9-8F40-404B-A738-D1A5C30198FE}"
EndProject
Global
	GlobalSection(SolutionConfigurationPlatforms) = preSolution
		Debug|Any CPU = Debug|Any CPU
		Release|Any CPU = Release|Any CPU
	EndGlobalSection
	GlobalSection(ProjectConfigurationPlatforms) = postSolution
		{F2EEBB13-ADBE-49AC-B21A-21A3FFC95073}.Debug|Any CPU.ActiveCfg = Debug|Any CPU
		{F2EEBB13-ADBE-49AC-B21A-21A3FFC95073}.Debug|Any CPU.Build.0 = Debug|Any CPU
		{F2EEBB13-ADBE-49AC-B21A-21A3FFC95073}.Release|Any CPU.ActiveCfg = Release|Any CPU
		{F2EEBB13-ADBE-49AC-B21A-21A3FFC95073}.Release|Any CPU.Build.0 = Release|Any CPU
		{6F2BFFC9-8F40-404B-A738-D1A5C30198FE}.Debug|Any CPU.ActiveCfg = Debug|Any CPU
		{6F2BFFC9-8F40-404B-A738-D1A5C30198FE}.Debug|Any CPU.Build.0 = Debug|Any CPU
		{6F2BFFC9-8F40-404B-A738-D1A5C30198FE}.Release|Any CPU.ActiveCfg = Release|Any CPU
		{6F2BFFC9-8F40-404B-A738-D1A5C30198FE}.Release|Any CPU.Build.0 = Release|Any CPU
	EndGlobalSection
	GlobalSection(SolutionProperties) = preSolution
		HideSolutionNode = FALSE
	EndGlobalSection
	GlobalSection(ExtensibilityGlobals) = postSolution
		SolutionGuid = {0511D2FC-6F6A-4FC0-9F97-A6F7339D41D8}
	EndGlobalSection
EndGlobal
